
Microsoft Visual Studio Solution File, Format Version 12.00
# Visual Studio 15
VisualStudioVersion = 15.0.28307.757
MinimumVisualStudioVersion = 10.0.40219.1
Project("{FAE04EC0-301F-11D3-BF4B-00C04F79EFBC}") = "DatingApp.Api", "DatingApp.Api\DatingApp.Api.csproj", "{13CFE4E7-06BB-41EB-898B-138F8B8505CD}"
EndProject
Global
	GlobalSection(SolutionConfigurationPlatforms) = preSolution
		Debug|Any CPU = Debug|Any CPU
		Release|Any CPU = Release|Any CPU
	EndGlobalSection
	GlobalSection(ProjectConfigurationPlatforms) = postSolution
		{13CFE4E7-06BB-41EB-898B-138F8B8505CD}.Debug|Any CPU.ActiveCfg = Debug|Any CPU
		{13CFE4E7-06BB-41EB-898B-138F8B8505CD}.Debug|Any CPU.Build.0 = Debug|Any CPU
		{13CFE4E7-06BB-41EB-898B-138F8B8505CD}.Release|Any CPU.ActiveCfg = Release|Any CPU
		{13CFE4E7-06BB-41EB-898B-138F8B8505CD}.Release|Any CPU.Build.0 = Release|Any CPU
	EndGlobalSection
	GlobalSection(SolutionProperties) = preSolution
		HideSolutionNode = FALSE
	EndGlobalSection
	GlobalSection(ExtensibilityGlobals) = postSolution
		SolutionGuid = {65F96CD4-135A-44C2-8216-4D03A976DB9A}
	EndGlobalSection
EndGlobal
